
Microsoft Visual Studio Solution File, Format Version 12.00
# Visual Studio Version 17
VisualStudioVersion = 17.3.32901.215
MinimumVisualStudioVersion = 10.0.40219.1
Project("{FAE04EC0-301F-11D3-BF4B-00C04F79EFBC}") = "CoCaro", "CoCaro\CoCaro.csproj", "{A36C9573-CB70-44A0-A528-F89787DDABB1}"
EndProject
Global
	GlobalSection(SolutionConfigurationPlatforms) = preSolution
		Debug|Any CPU = Debug|Any CPU
		Release|Any CPU = Release|Any CPU
	EndGlobalSection
	GlobalSection(ProjectConfigurationPlatforms) = postSolution
		{A36C9573-CB70-44A0-A528-F89787DDABB1}.Debug|Any CPU.ActiveCfg = Debug|Any CPU
		{A36C9573-CB70-44A0-A528-F89787DDABB1}.Debug|Any CPU.Build.0 = Debug|Any CPU
		{A36C9573-CB70-44A0-A528-F89787DDABB1}.Release|Any CPU.ActiveCfg = Release|Any CPU
		{A36C9573-CB70-44A0-A528-F89787DDABB1}.Release|Any CPU.Build.0 = Release|Any CPU
	EndGlobalSection
	GlobalSection(SolutionProperties) = preSolution
		HideSolutionNode = FALSE
	EndGlobalSection
	GlobalSection(ExtensibilityGlobals) = postSolution
		SolutionGuid = {46DEACE2-CD73-4F79-9355-BB6AD449D780}
	EndGlobalSection
EndGlobal
